
Microsoft Visual Studio Solution File, Format Version 12.00
# Visual Studio 15
Project("{FAE04EC0-301F-11D3-BF4B-00C04F79EFBC}") = "FiduciARy", "FiduciARy.csproj", "{C8F415BA-F56C-F332-834A-7619C501E642}"
EndProject
Project("{FAE04EC0-301F-11D3-BF4B-00C04F79EFBC}") = "FiduciARy.Editor", "FiduciARy.Editor.csproj", "{62BEE7B2-9BB4-F216-2C11-B63A29AE39D3}"
EndProject
Global
	GlobalSection(SolutionConfigurationPlatforms) = preSolution
		Debug|Any CPU = Debug|Any CPU
		Release|Any CPU = Release|Any CPU
	EndGlobalSection
	GlobalSection(ProjectConfigurationPlatforms) = postSolution
		{C8F415BA-F56C-F332-834A-7619C501E642}.Debug|Any CPU.ActiveCfg = Debug|Any CPU
		{C8F415BA-F56C-F332-834A-7619C501E642}.Debug|Any CPU.Build.0 = Debug|Any CPU
		{C8F415BA-F56C-F332-834A-7619C501E642}.Release|Any CPU.ActiveCfg = Release|Any CPU
		{C8F415BA-F56C-F332-834A-7619C501E642}.Release|Any CPU.Build.0 = Release|Any CPU
		{62BEE7B2-9BB4-F216-2C11-B63A29AE39D3}.Debug|Any CPU.ActiveCfg = Debug|Any CPU
		{62BEE7B2-9BB4-F216-2C11-B63A29AE39D3}.Debug|Any CPU.Build.0 = Debug|Any CPU
		{62BEE7B2-9BB4-F216-2C11-B63A29AE39D3}.Release|Any CPU.ActiveCfg = Release|Any CPU
		{62BEE7B2-9BB4-F216-2C11-B63A29AE39D3}.Release|Any CPU.Build.0 = Release|Any CPU
	EndGlobalSection
	GlobalSection(SolutionProperties) = preSolution
		HideSolutionNode = FALSE
	EndGlobalSection
EndGlobal
